
Microsoft Visual Studio Solution File, Format Version 12.00
# Visual Studio Version 17
VisualStudioVersion = 17.0.31912.275
MinimumVisualStudioVersion = 10.0.40219.1
Project("{9A19103F-16F7-4668-BE54-9A1E7A4F7556}") = "DIO.Series", "..\DIO.Series\DIO.Series.csproj", "{C6902D3D-0F3B-4C1A-A31D-9D84D25E643B}"
EndProject
Project("{9A19103F-16F7-4668-BE54-9A1E7A4F7556}") = "DIO.Series.Console", "..\..\..\..\source\repos\DIO.Series.Console\DIO.Series.Console.csproj", "{33511A47-4C12-47C4-A583-1371C1C8ECB7}"
EndProject
Project("{FAE04EC0-301F-11D3-BF4B-00C04F79EFBC}") = "DIO.Series.Web", "DIOO.Series.Web\DIO.Series.Web.csproj", "{9A224D35-DD48-4B30-A8FF-7C26B9EA8175}"
EndProject
Global
	GlobalSection(SolutionConfigurationPlatforms) = preSolution
		Debug|Any CPU = Debug|Any CPU
		Release|Any CPU = Release|Any CPU
	EndGlobalSection
	GlobalSection(ProjectConfigurationPlatforms) = postSolution
		{C6902D3D-0F3B-4C1A-A31D-9D84D25E643B}.Debug|Any CPU.ActiveCfg = Debug|Any CPU
		{C6902D3D-0F3B-4C1A-A31D-9D84D25E643B}.Debug|Any CPU.Build.0 = Debug|Any CPU
		{C6902D3D-0F3B-4C1A-A31D-9D84D25E643B}.Release|Any CPU.ActiveCfg = Release|Any CPU
		{C6902D3D-0F3B-4C1A-A31D-9D84D25E643B}.Release|Any CPU.Build.0 = Release|Any CPU
		{33511A47-4C12-47C4-A583-1371C1C8ECB7}.Debug|Any CPU.ActiveCfg = Debug|Any CPU
		{33511A47-4C12-47C4-A583-1371C1C8ECB7}.Debug|Any CPU.Build.0 = Debug|Any CPU
		{33511A47-4C12-47C4-A583-1371C1C8ECB7}.Release|Any CPU.ActiveCfg = Release|Any CPU
		{33511A47-4C12-47C4-A583-1371C1C8ECB7}.Release|Any CPU.Build.0 = Release|Any CPU
		{9A224D35-DD48-4B30-A8FF-7C26B9EA8175}.Debug|Any CPU.ActiveCfg = Debug|Any CPU
		{9A224D35-DD48-4B30-A8FF-7C26B9EA8175}.Debug|Any CPU.Build.0 = Debug|Any CPU
		{9A224D35-DD48-4B30-A8FF-7C26B9EA8175}.Release|Any CPU.ActiveCfg = Release|Any CPU
		{9A224D35-DD48-4B30-A8FF-7C26B9EA8175}.Release|Any CPU.Build.0 = Release|Any CPU
	EndGlobalSection
	GlobalSection(SolutionProperties) = preSolution
		HideSolutionNode = FALSE
	EndGlobalSection
	GlobalSection(ExtensibilityGlobals) = postSolution
		SolutionGuid = {BED238BD-BB7E-4952-8052-8007F88227D1}
	EndGlobalSection
EndGlobal
